
Microsoft Visual Studio Solution File, Format Version 12.00
# Visual Studio Version 16
VisualStudioVersion = 16.0.29609.76
MinimumVisualStudioVersion = 10.0.40219.1
Project("{FAE04EC0-301F-11D3-BF4B-00C04F79EFBC}") = "Microblog", "Microblog\Microblog.csproj", "{63CEE819-AD57-49E1-A1D6-ECCC82F546E1}"
EndProject
Global
	GlobalSection(SolutionConfigurationPlatforms) = preSolution
		Debug|Any CPU = Debug|Any CPU
		Release|Any CPU = Release|Any CPU
	EndGlobalSection
	GlobalSection(ProjectConfigurationPlatforms) = postSolution
		{63CEE819-AD57-49E1-A1D6-ECCC82F546E1}.Debug|Any CPU.ActiveCfg = Debug|Any CPU
		{63CEE819-AD57-49E1-A1D6-ECCC82F546E1}.Debug|Any CPU.Build.0 = Debug|Any CPU
		{63CEE819-AD57-49E1-A1D6-ECCC82F546E1}.Release|Any CPU.ActiveCfg = Release|Any CPU
		{63CEE819-AD57-49E1-A1D6-ECCC82F546E1}.Release|Any CPU.Build.0 = Release|Any CPU
	EndGlobalSection
	GlobalSection(SolutionProperties) = preSolution
		HideSolutionNode = FALSE
	EndGlobalSection
	GlobalSection(ExtensibilityGlobals) = postSolution
		SolutionGuid = {5CFBCD54-FF3B-468C-98AC-DF7AD078610E}
	EndGlobalSection
EndGlobal
